
Microsoft Visual Studio Solution File, Format Version 12.00
# Visual Studio Version 17
VisualStudioVersion = 17.3.32825.248
MinimumVisualStudioVersion = 10.0.40219.1
Project("{9A19103F-16F7-4668-BE54-9A1E7A4F7556}") = "ConsoleApp", "ConsoleApp\ConsoleApp.csproj", "{9B36EA6B-3F42-4C15-AA84-EA1F7E79C1B5}"
EndProject
Project("{FAE04EC0-301F-11D3-BF4B-00C04F79EFBC}") = "WPFApplication", "WPFApplication\WPFApplication.csproj", "{B40748E2-DF5C-48F2-A4AE-1BCB5A52996D}"
EndProject
Global
	GlobalSection(SolutionConfigurationPlatforms) = preSolution
		Debug|Any CPU = Debug|Any CPU
		Release|Any CPU = Release|Any CPU
	EndGlobalSection
	GlobalSection(ProjectConfigurationPlatforms) = postSolution
		{9B36EA6B-3F42-4C15-AA84-EA1F7E79C1B5}.Debug|Any CPU.ActiveCfg = Debug|Any CPU
		{9B36EA6B-3F42-4C15-AA84-EA1F7E79C1B5}.Debug|Any CPU.Build.0 = Debug|Any CPU
		{9B36EA6B-3F42-4C15-AA84-EA1F7E79C1B5}.Release|Any CPU.ActiveCfg = Release|Any CPU
		{9B36EA6B-3F42-4C15-AA84-EA1F7E79C1B5}.Release|Any CPU.Build.0 = Release|Any CPU
		{B40748E2-DF5C-48F2-A4AE-1BCB5A52996D}.Debug|Any CPU.ActiveCfg = Debug|Any CPU
		{B40748E2-DF5C-48F2-A4AE-1BCB5A52996D}.Debug|Any CPU.Build.0 = Debug|Any CPU
		{B40748E2-DF5C-48F2-A4AE-1BCB5A52996D}.Release|Any CPU.ActiveCfg = Release|Any CPU
		{B40748E2-DF5C-48F2-A4AE-1BCB5A52996D}.Release|Any CPU.Build.0 = Release|Any CPU
	EndGlobalSection
	GlobalSection(SolutionProperties) = preSolution
		HideSolutionNode = FALSE
	EndGlobalSection
	GlobalSection(ExtensibilityGlobals) = postSolution
		SolutionGuid = {B040DEEF-5B4F-40C8-A54E-55E6F5F8BC7B}
	EndGlobalSection
EndGlobal
